
Microsoft Visual Studio Solution File, Format Version 12.00
# Visual Studio Version 17
VisualStudioVersion = 17.14.37216.2
MinimumVisualStudioVersion = 10.0.40219.1
Project("{FAE04EC0-301F-11D3-BF4B-00C04F79EFBC}") = "GameSave", "GameSaves\GameSave.csproj", "{80450AEC-45C4-4FEE-9438-343594E8A342}"
EndProject
Project("{FAE04EC0-301F-11D3-BF4B-00C04F79EFBC}") = "GameSaves.Reviewer", "GameSaves.Reviewer\GameSaves.Reviewer.csproj", "{135E7512-6A34-578D-906E-182F2A28E434}"
EndProject
Project("{FAE04EC0-301F-11D3-BF4B-00C04F79EFBC}") = "GameSaves.Core", "GameSaves.Core\GameSaves.Core.csproj", "{CAEF6AE2-E053-4CCA-A436-B105EB98B956}"
EndProject
Project("{FAE04EC0-301F-11D3-BF4B-00C04F79EFBC}") = "GameSaves.Infrastructure", "GameSaves.Infrastructure\GameSaves.Infrastructure.csproj", "{43033DC0-E753-4955-B822-AC73D5594712}"
EndProject
Project("{FAE04EC0-301F-11D3-BF4B-00C04F79EFBC}") = "GameSaves.App", "GameSaves.App\GameSaves.App.csproj", "{0EFA2A49-F7B4-4A02-BB1A-7BAACB5DFC0F}"
EndProject
Project("{FAE04EC0-301F-11D3-BF4B-00C04F79EFBC}") = "GameSaves", "GameSaves\GameSaves.csproj", "{0D6DF9F6-0C02-2CF3-36A8-5447B746FEFF}"
EndProject
Global
	GlobalSection(SolutionConfigurationPlatforms) = preSolution
		Debug|Any CPU = Debug|Any CPU
		Release|Any CPU = Release|Any CPU
	EndGlobalSection
	GlobalSection(ProjectConfigurationPlatforms) = postSolution
		{80450AEC-45C4-4FEE-9438-343594E8A342}.Debug|Any CPU.ActiveCfg = Debug|Any CPU
		{80450AEC-45C4-4FEE-9438-343594E8A342}.Debug|Any CPU.Build.0 = Debug|Any CPU
		{80450AEC-45C4-4FEE-9438-343594E8A342}.Release|Any CPU.ActiveCfg = Release|Any CPU
		{80450AEC-45C4-4FEE-9438-343594E8A342}.Release|Any CPU.Build.0 = Release|Any CPU
		{135E7512-6A34-578D-906E-182F2A28E434}.Debug|Any CPU.ActiveCfg = Debug|Any CPU
		{135E7512-6A34-578D-906E-182F2A28E434}.Debug|Any CPU.Build.0 = Debug|Any CPU
		{135E7512-6A34-578D-906E-182F2A28E434}.Release|Any CPU.ActiveCfg = Release|Any CPU
		{135E7512-6A34-578D-906E-182F2A28E434}.Release|Any CPU.Build.0 = Release|Any CPU
		{CAEF6AE2-E053-4CCA-A436-B105EB98B956}.Debug|Any CPU.ActiveCfg = Debug|Any CPU
		{CAEF6AE2-E053-4CCA-A436-B105EB98B956}.Debug|Any CPU.Build.0 = Debug|Any CPU
		{CAEF6AE2-E053-4CCA-A436-B105EB98B956}.Release|Any CPU.ActiveCfg = Release|Any CPU
		{CAEF6AE2-E053-4CCA-A436-B105EB98B956}.Release|Any CPU.Build.0 = Release|Any CPU
		{43033DC0-E753-4955-B822-AC73D5594712}.Debug|Any CPU.ActiveCfg = Debug|Any CPU
		{43033DC0-E753-4955-B822-AC73D5594712}.Debug|Any CPU.Build.0 = Debug|Any CPU
		{43033DC0-E753-4955-B822-AC73D5594712}.Release|Any CPU.ActiveCfg = Release|Any CPU
		{43033DC0-E753-4955-B822-AC73D5594712}.Release|Any CPU.Build.0 = Release|Any CPU
		{0EFA2A49-F7B4-4A02-BB1A-7BAACB5DFC0F}.Debug|Any CPU.ActiveCfg = Debug|Any CPU
		{0EFA2A49-F7B4-4A02-BB1A-7BAACB5DFC0F}.Debug|Any CPU.Build.0 = Debug|Any CPU
		{0EFA2A49-F7B4-4A02-BB1A-7BAACB5DFC0F}.Release|Any CPU.ActiveCfg = Release|Any CPU
		{0EFA2A49-F7B4-4A02-BB1A-7BAACB5DFC0F}.Release|Any CPU.Build.0 = Release|Any CPU
		{0D6DF9F6-0C02-2CF3-36A8-5447B746FEFF}.Debug|Any CPU.ActiveCfg = Debug|Any CPU
		{0D6DF9F6-0C02-2CF3-36A8-5447B746FEFF}.Debug|Any CPU.Build.0 = Debug|Any CPU
		{0D6DF9F6-0C02-2CF3-36A8-5447B746FEFF}.Release|Any CPU.ActiveCfg = Release|Any CPU
		{0D6DF9F6-0C02-2CF3-36A8-5447B746FEFF}.Release|Any CPU.Build.0 = Release|Any CPU
	EndGlobalSection
	GlobalSection(SolutionProperties) = preSolution
		HideSolutionNode = FALSE
	EndGlobalSection
	GlobalSection(ExtensibilityGlobals) = postSolution
		SolutionGuid = {257F6752-62E0-4E56-9D48-6B830553DDA9}
	EndGlobalSection
EndGlobal
